
Microsoft Visual Studio Solution File, Format Version 12.00
# Visual Studio Version 16
VisualStudioVersion = 16.0.31702.278
MinimumVisualStudioVersion = 10.0.40219.1
Project("{FAE04EC0-301F-11D3-BF4B-00C04F79EFBC}") = "CrudMVCEFApp", "CrudMVCEFApp\CrudMVCEFApp.csproj", "{6B3CCEF4-522D-4052-BDFD-9AE298BCDE91}"
EndProject
Global
	GlobalSection(SolutionConfigurationPlatforms) = preSolution
		Debug|Any CPU = Debug|Any CPU
		Release|Any CPU = Release|Any CPU
	EndGlobalSection
	GlobalSection(ProjectConfigurationPlatforms) = postSolution
		{6B3CCEF4-522D-4052-BDFD-9AE298BCDE91}.Debug|Any CPU.ActiveCfg = Debug|Any CPU
		{6B3CCEF4-522D-4052-BDFD-9AE298BCDE91}.Debug|Any CPU.Build.0 = Debug|Any CPU
		{6B3CCEF4-522D-4052-BDFD-9AE298BCDE91}.Release|Any CPU.ActiveCfg = Release|Any CPU
		{6B3CCEF4-522D-4052-BDFD-9AE298BCDE91}.Release|Any CPU.Build.0 = Release|Any CPU
	EndGlobalSection
	GlobalSection(SolutionProperties) = preSolution
		HideSolutionNode = FALSE
	EndGlobalSection
	GlobalSection(ExtensibilityGlobals) = postSolution
		SolutionGuid = {7D000BC3-D3EB-47A5-9E2F-BD7D0A945804}
	EndGlobalSection
EndGlobal
